
Microsoft Visual Studio Solution File, Format Version 11.00
# Visual C# Express 2010
Project("{FAE04EC0-301F-11D3-BF4B-00C04F79EFBC}") = "Cryptnos", "Cryptnos\Cryptnos.csproj", "{A9298074-2BE6-4FA6-80C4-BF56F3D7D883}"
EndProject
Global
	GlobalSection(SolutionConfigurationPlatforms) = preSolution
		Debug|Any CPU = Debug|Any CPU
		Release|Any CPU = Release|Any CPU
	EndGlobalSection
	GlobalSection(ProjectConfigurationPlatforms) = postSolution
		{A9298074-2BE6-4FA6-80C4-BF56F3D7D883}.Debug|Any CPU.ActiveCfg = Debug|Any CPU
		{A9298074-2BE6-4FA6-80C4-BF56F3D7D883}.Debug|Any CPU.Build.0 = Debug|Any CPU
		{A9298074-2BE6-4FA6-80C4-BF56F3D7D883}.Release|Any CPU.ActiveCfg = Release|Any CPU
		{A9298074-2BE6-4FA6-80C4-BF56F3D7D883}.Release|Any CPU.Build.0 = Release|Any CPU
	EndGlobalSection
	GlobalSection(SolutionProperties) = preSolution
		HideSolutionNode = FALSE
	EndGlobalSection
EndGlobal
